
Microsoft Visual Studio Solution File, Format Version 12.00
# Visual Studio Version 17
VisualStudioVersion = 17.0.31903.59
MinimumVisualStudioVersion = 10.0.40219.1
Project("{FAE04EC0-301F-11D3-BF4B-00C04F79EFBC}") = "SLG.Aplicacion", "SLG.Aplicacion\SLG.Aplicacion.csproj", "{7F8CFB14-F7EA-40C9-9569-B4A8047A506C}"
EndProject
Project("{FAE04EC0-301F-11D3-BF4B-00C04F79EFBC}") = "SLG.Repositorios", "SLG.Repositorios\SLG.Repositorios.csproj", "{8887507C-7247-4D5C-9C1E-8611FA7F2DA0}"
EndProject
Project("{FAE04EC0-301F-11D3-BF4B-00C04F79EFBC}") = "SLG.Consola", "SLG.Consola\SLG.Consola.csproj", "{3E314B4F-0F49-4CB7-A2B0-8504BC154A7E}"
EndProject
Global
	GlobalSection(SolutionConfigurationPlatforms) = preSolution
		Debug|Any CPU = Debug|Any CPU
		Release|Any CPU = Release|Any CPU
	EndGlobalSection
	GlobalSection(SolutionProperties) = preSolution
		HideSolutionNode = FALSE
	EndGlobalSection
	GlobalSection(ProjectConfigurationPlatforms) = postSolution
		{7F8CFB14-F7EA-40C9-9569-B4A8047A506C}.Debug|Any CPU.ActiveCfg = Debug|Any CPU
		{7F8CFB14-F7EA-40C9-9569-B4A8047A506C}.Debug|Any CPU.Build.0 = Debug|Any CPU
		{7F8CFB14-F7EA-40C9-9569-B4A8047A506C}.Release|Any CPU.ActiveCfg = Release|Any CPU
		{7F8CFB14-F7EA-40C9-9569-B4A8047A506C}.Release|Any CPU.Build.0 = Release|Any CPU
		{8887507C-7247-4D5C-9C1E-8611FA7F2DA0}.Debug|Any CPU.ActiveCfg = Debug|Any CPU
		{8887507C-7247-4D5C-9C1E-8611FA7F2DA0}.Debug|Any CPU.Build.0 = Debug|Any CPU
		{8887507C-7247-4D5C-9C1E-8611FA7F2DA0}.Release|Any CPU.ActiveCfg = Release|Any CPU
		{8887507C-7247-4D5C-9C1E-8611FA7F2DA0}.Release|Any CPU.Build.0 = Release|Any CPU
		{3E314B4F-0F49-4CB7-A2B0-8504BC154A7E}.Debug|Any CPU.ActiveCfg = Debug|Any CPU
		{3E314B4F-0F49-4CB7-A2B0-8504BC154A7E}.Debug|Any CPU.Build.0 = Debug|Any CPU
		{3E314B4F-0F49-4CB7-A2B0-8504BC154A7E}.Release|Any CPU.ActiveCfg = Release|Any CPU
		{3E314B4F-0F49-4CB7-A2B0-8504BC154A7E}.Release|Any CPU.Build.0 = Release|Any CPU
	EndGlobalSection
EndGlobal
